<?xml version="1.0" encoding="UTF-8" standalone="yes" ?>
<CodeBlocks_project_file>
	<FileVersion major="1" minor="6" />
	<Project>
		<Option title="ColdstormDaemon" />
		<Option pch_mode="2" />
		<Option compiler="gcc" />
		<Build>
			<Target title="Debug">
				<Option output="bin/Debug/ColdstormDaemon" prefix_auto="1" extension_auto="1" />
				<Option object_output="obj/Debug/" />
				<Option type="1" />
				<Option compiler="gcc" />
				<Compiler>
					<Add option="-g" />
					<Add option="-DDEBUGSTATEMENTS" />
				</Compiler>
				<Linker>
					<Add library="ws2_32" />
				</Linker>
			</Target>
			<Target title="Release">
				<Option output="bin/Release/ColdstormDaemon" prefix_auto="1" extension_auto="1" />
				<Option object_output="obj/Release/" />
				<Option type="1" />
				<Option compiler="gcc" />
				<Compiler>
					<Add option="-O2" />
				</Compiler>
				<Linker>
					<Add option="-s" />
					<Add library="ws2_32" />
				</Linker>
			</Target>
			<Target title="DebugLinux">
				<Option output="bin/Debug/ColdstormDaemon" prefix_auto="1" extension_auto="1" />
				<Option object_output="obj/Debug/" />
				<Option type="1" />
				<Option compiler="gcc" />
				<Compiler>
					<Add option="-g" />
					<Add option="-DDEBUGSTATEMENTS" />
				</Compiler>
				<Linker>
					<Add library="pthread" />
				</Linker>
			</Target>
			<Target title="ReleaseLinux">
				<Option output="bin/Release/ColdstormDaemon" prefix_auto="1" extension_auto="1" />
				<Option object_output="obj/Release/" />
				<Option type="1" />
				<Option compiler="gcc" />
				<Compiler>
					<Add option="-O2" />
				</Compiler>
				<Linker>
					<Add option="-s" />
					<Add library="pthread" />
				</Linker>
			</Target>
		</Build>
		<Compiler>
			<Add option="-pedantic-errors" />
			<Add option="-std=c++98" />
			<Add option="-Wextra" />
			<Add option="-Wall" />
			<Add directory="src/" />
		</Compiler>
		<Unit filename="../README.md" />
		<Unit filename="src/ajax/ajaxlistener.cpp" />
		<Unit filename="src/ajax/ajaxlistener.h" />
		<Unit filename="src/ajax/http.cpp" />
		<Unit filename="src/ajax/http.h" />
		<Unit filename="src/coldstormd/callbacks.cpp" />
		<Unit filename="src/coldstormd/callbacks.h" />
		<Unit filename="src/coldstormd/cmdcallbacks.cpp" />
		<Unit filename="src/coldstormd/cmdcallbacks.h" />
		<Unit filename="src/coldstormd/coldstormd.cpp" />
		<Unit filename="src/coldstormd/coldstormd.h" />
		<Unit filename="src/coldstormd/connection.cpp" />
		<Unit filename="src/coldstormd/connection.h" />
		<Unit filename="src/coldstormd/constants.h" />
		<Unit filename="src/coldstormd/database.cpp" />
		<Unit filename="src/coldstormd/database.h" />
		<Unit filename="src/coldstormd/room.cpp" />
		<Unit filename="src/coldstormd/room.h" />
		<Unit filename="src/coldstormd/state.cpp" />
		<Unit filename="src/coldstormd/state.h" />
		<Unit filename="src/coldstormd/user.cpp" />
		<Unit filename="src/coldstormd/user.h" />
		<Unit filename="src/coldstormd/utility.cpp" />
		<Unit filename="src/coldstormd/utility.h" />
		<Unit filename="src/general/mystring.cpp" />
		<Unit filename="src/general/mystring.h" />
		<Unit filename="src/general/network.cpp" />
		<Unit filename="src/general/network.h" />
		<Unit filename="src/general/threading.cpp" />
		<Unit filename="src/general/threading.h" />
		<Unit filename="src/main.cpp" />
		<Extensions>
			<code_completion />
			<envvars />
			<debugger />
			<lib_finder disable_auto="1" />
		</Extensions>
	</Project>
</CodeBlocks_project_file>
